// !$*UTF8*$!
{
	archiveVersion = 1;
	classes = {
	};
	objectVersion = 77;
	objects = {

/* Begin PBXContainerItemProxy section */
		1AC9DAAC306A781400957EB2 /* PBXContainerItemProxy */ = {
			isa = PBXContainerItemProxy;
			containerPortal = 1AC9DA96306A781200957EB2 /* Project object */;
			proxyType = 1;
			remoteGlobalIDString = 1AC9DA9D306A781200957EB2;
			remoteInfo = "Adequate Wallpapers";
		};
		1AC9DAB6306A781400957EB2 /* PBXContainerItemProxy */ = {
			isa = PBXContainerItemProxy;
			containerPortal = 1AC9DA96306A781200957EB2 /* Project object */;
			proxyType = 1;
			remoteGlobalIDString = 1AC9DA9D306A781200957EB2;
			remoteInfo = "Adequate Wallpapers";
		};
/* End PBXContainerItemProxy section */

/* Begin PBXFileReference section */
		1AC9DA9E306A781200957EB2 /* Adequate Wallpapers.app */ = {isa = PBXFileReference; explicitFileType = wrapper.application; includeInIndex = 0; path = "Adequate Wallpapers.app"; sourceTree = BUILT_PRODUCTS_DIR; };
		1AC9DAAB306A781400957EB2 /* Adequate WallpapersTests.xctest */ = {isa = PBXFileReference; explicitFileType = wrapper.cfbundle; includeInIndex = 0; path = "Adequate WallpapersTests.xctest"; sourceTree = BUILT_PRODUCTS_DIR; };
		1AC9DAB5306A781400957EB2 /* Adequate WallpapersUITests.xctest */ = {isa = PBXFileReference; explicitFileType = wrapper.cfbundle; includeInIndex = 0; path = "Adequate WallpapersUITests.xctest"; sourceTree = BUILT_PRODUCTS_DIR; };
/* End PBXFileReference section */

/* Begin PBXFileSystemSynchronizedRootGroup section */
		1AC9DAA0306A781200957EB2 /* Adequate Wallpapers */ = {
			isa = PBXFileSystemSynchronizedRootGroup;
			path = "Adequate Wallpapers";
			sourceTree = "<group>";
		};
		1AC9DAAE306A781400957EB2 /* Adequate WallpapersTests */ = {
			isa = PBXFileSystemSynchronizedRootGroup;
			path = "Adequate WallpapersTests";
			sourceTree = "<group>";
		};
		1AC9DAB8306A781400957EB2 /* Adequate WallpapersUITests */ = {
			isa = PBXFileSystemSynchronizedRootGroup;
			path = "Adequate WallpapersUITests";
			sourceTree = "<group>";
		};
/* End PBXFileSystemSynchronizedRootGroup section */

/* Begin PBXFrameworksBuildPhase section */
		1AC9DA9B306A781200957EB2 /* Frameworks */ = {
			isa = PBXFrameworksBuildPhase;
			buildActionMask = 2147483647;
			files = (
			);
			runOnlyForDeploymentPostprocessing = 0;
		};
		1AC9DAA8306A781400957EB2 /* Frameworks */ = {
			isa = PBXFrameworksBuildPhase;
			buildActionMask = 2147483647;
			files = (
			);
			runOnlyForDeploymentPostprocessing = 0;
		};
		1AC9DAB2306A781400957EB2 /* Frameworks */ = {
			isa = PBXFrameworksBuildPhase;
			buildActionMask = 2147483647;
			files = (
			);
			runOnlyForDeploymentPostprocessing = 0;
		};
/* End PBXFrameworksBuildPhase section */

/* Begin PBXGroup section */
		1AC9DA95306A781200957EB2 = {
			isa = PBXGroup;
			children = (
				1AC9DAA0306A781200957EB2 /* Adequate Wallpapers */,
				1AC9DAAE306A781400957EB2 /* Adequate WallpapersTests */,
				1AC9DAB8306A781400957EB2 /* Adequate WallpapersUITests */,
				1AC9DA9F306A781200957EB2 /* Products */,
			);
			sourceTree = "<group>";
		};
		1AC9DA9F306A781200957EB2 /* Products */ = {
			isa = PBXGroup;
			children = (
				1AC9DA9E306A781200957EB2 /* Adequate Wallpapers.app */,
				1AC9DAAB306A781400957EB2 /* Adequate WallpapersTests.xctest */,
				1AC9DAB5306A781400957EB2 /* Adequate WallpapersUITests.xctest */,
			);
			name = Products;
			sourceTree = "<group>";
		};
/* End PBXGroup section */

/* Begin PBXNativeTarget section */
		1AC9DA9D306A781200957EB2 /* Adequate Wallpapers */ = {
			isa = PBXNativeTarget;
			buildConfigurationList = 1AC9DABF306A781400957EB2 /* Build configuration list for PBXNativeTarget "Adequate Wallpapers" */;
			buildPhases = (
				1AC9DA9A306A781200957EB2 /* Sources */,
				1AC9DA9B306A781200957EB2 /* Frameworks */,
				1AC9DA9C306A781200957EB2 /* Resources */,
			);
			buildRules = (
			);
			dependencies = (
			);
			fileSystemSynchronizedGroups = (
				1AC9DAA0306A781200957EB2 /* Adequate Wallpapers */,
			);
			name = "Adequate Wallpapers";
			packageProductDependencies = (
			);
			productName = "Adequate Wallpapers";
			productReference = 1AC9DA9E306A781200957EB2 /* Adequate Wallpapers.app */;
			productType = "com.apple.product-type.application";
		};
		1AC9DAAA306A781400957EB2 /* Adequate WallpapersTests */ = {
			isa = PBXNativeTarget;
			buildConfigurationList = 1AC9DAC2306A781400957EB2 /* Build configuration list for PBXNativeTarget "Adequate WallpapersTests" */;
			buildPhases = (
				1AC9DAA7306A781400957EB2 /* Sources */,
				1AC9DAA8306A781400957EB2 /* Frameworks */,
				1AC9DAA9306A781400957EB2 /* Resources */,
			);
			buildRules = (
			);
			dependencies = (
				1AC9DAAD306A781400957EB2 /* PBXTargetDependency */,
			);
			fileSystemSynchronizedGroups = (
				1AC9DAAE306A781400957EB2 /* Adequate WallpapersTests */,
			);
			name = "Adequate WallpapersTests";
			packageProductDependencies = (
			);
			productName = "Adequate WallpapersTests";
			productReference = 1AC9DAAB306A781400957EB2 /* Adequate WallpapersTests.xctest */;
			productType = "com.apple.product-type.bundle.unit-test";
		};
		1AC9DAB4306A781400957EB2 /* Adequate WallpapersUITests */ = {
			isa = PBXNativeTarget;
			buildConfigurationList = 1AC9DAC5306A781400957EB2 /* Build configuration list for PBXNativeTarget "Adequate WallpapersUITests" */;
			buildPhases = (
				1AC9DAB1306A781400957EB2 /* Sources */,
				1AC9DAB2306A781400957EB2 /* Frameworks */,
				1AC9DAB3306A781400957EB2 /* Resources */,
			);
			buildRules = (
			);
			dependencies = (
				1AC9DAB7306A781400957EB2 /* PBXTargetDependency */,
			);
			fileSystemSynchronizedGroups = (
				1AC9DAB8306A781400957EB2 /* Adequate WallpapersUITests */,
			);
			name = "Adequate WallpapersUITests";
			packageProductDependencies = (
			);
			productName = "Adequate WallpapersUITests";
			productReference = 1AC9DAB5306A781400957EB2 /* Adequate WallpapersUITests.xctest */;
			productType = "com.apple.product-type.bundle.ui-testing";
		};
/* End PBXNativeTarget section */

/* Begin PBXProject section */
		1AC9DA96306A781200957EB2 /* Project object */ = {
			isa = PBXProject;
			attributes = {
				BuildIndependentTargetsInParallel = 1;
				LastSwiftUpdateCheck = 2620;
				LastUpgradeCheck = 2620;
				TargetAttributes = {
					1AC9DA9D306A781200957EB2 = {
						CreatedOnToolsVersion = 26.2;
					};
					1AC9DAAA306A781400957EB2 = {
						CreatedOnToolsVersion = 26.2;
						TestTargetID = 1AC9DA9D306A781200957EB2;
					};
					1AC9DAB4306A781400957EB2 = {
						CreatedOnToolsVersion = 26.2;
						TestTargetID = 1AC9DA9D306A781200957EB2;
					};
				};
			};
			buildConfigurationList = 1AC9DA99306A781200957EB2 /* Build configuration list for PBXProject "Adequate Wallpapers" */;
			developmentRegion = en;
			hasScannedForEncodings = 0;
			knownRegions = (
				en,
				Base,
			);
			mainGroup = 1AC9DA95306A781200957EB2;
			minimizedProjectReferenceProxies = 1;
			preferredProjectObjectVersion = 77;
			productRefGroup = 1AC9DA9F306A781200957EB2 /* Products */;
			projectDirPath = "";
			projectRoot = "";
			targets = (
				1AC9DA9D306A781200957EB2 /* Adequate Wallpapers */,
				1AC9DAAA306A781400957EB2 /* Adequate WallpapersTests */,
				1AC9DAB4306A781400957EB2 /* Adequate WallpapersUITests */,
			);
		};
/* End PBXProject section */

/* Begin PBXResourcesBuildPhase section */
		1AC9DA9C306A781200957EB2 /* Resources */ = {
			isa = PBXResourcesBuildPhase;
			buildActionMask = 2147483647;
			files = (
			);
			runOnlyForDeploymentPostprocessing = 0;
		};
		1AC9DAA9306A781400957EB2 /* Resources */ = {
			isa = PBXResourcesBuildPhase;
			buildActionMask = 2147483647;
			files = (
			);
			runOnlyForDeploymentPostprocessing = 0;
		};
		1AC9DAB3306A781400957EB2 /* Resources */ = {
			isa = PBXResourcesBuildPhase;
			buildActionMask = 2147483647;
			files = (
			);
			runOnlyForDeploymentPostprocessing = 0;
		};
/* End PBXResourcesBuildPhase section */

/* Begin PBXSourcesBuildPhase section */
		1AC9DA9A306A781200957EB2 /* Sources */ = {
			isa = PBXSourcesBuildPhase;
			buildActionMask = 2147483647;
			files = (
			);
			runOnlyForDeploymentPostprocessing = 0;
		};
		1AC9DAA7306A781400957EB2 /* Sources */ = {
			isa = PBXSourcesBuildPhase;
			buildActionMask = 2147483647;
			files = (
			);
			runOnlyForDeploymentPostprocessing = 0;
		};
		1AC9DAB1306A781400957EB2 /* Sources */ = {
			isa = PBXSourcesBuildPhase;
			buildActionMask = 2147483647;
			files = (
			);
			runOnlyForDeploymentPostprocessing = 0;
		};
/* End PBXSourcesBuildPhase section */

/* Begin PBXTargetDependency section */
		1AC9DAAD306A781400957EB2 /* PBXTargetDependency */ = {
			isa = PBXTargetDependency;
			target = 1AC9DA9D306A781200957EB2 /* Adequate Wallpapers */;
			targetProxy = 1AC9DAAC306A781400957EB2 /* PBXContainerItemProxy */;
		};
		1AC9DAB7306A781400957EB2 /* PBXTargetDependency */ = {
			isa = PBXTargetDependency;
			target = 1AC9DA9D306A781200957EB2 /* Adequate Wallpapers */;
			targetProxy = 1AC9DAB6306A781400957EB2 /* PBXContainerItemProxy */;
		};
/* End PBXTargetDependency section */

/* Begin XCBuildConfiguration section */
		1AC9DABD306A781400957EB2 /* Debug */ = {
			isa = XCBuildConfiguration;
			buildSettings = {
				ALWAYS_SEARCH_USER_PATHS = NO;
				ASSETCATALOG_COMPILER_GENERATE_SWIFT_ASSET_SYMBOL_EXTENSIONS = YES;
				CLANG_ANALYZER_NONNULL = YES;
				CLANG_ANALYZER_NUMBER_OBJECT_CONVERSION = YES_AGGRESSIVE;
				CLANG_CXX_LANGUAGE_STANDARD = "gnu++20";
				CLANG_ENABLE_MODULES = YES;
				CLANG_ENABLE_OBJC_ARC = YES;
				CLANG_ENABLE_OBJC_WEAK = YES;
				CLANG_WARN_BLOCK_CAPTURE_AUTORELEASING = YES;
				CLANG_WARN_BOOL_CONVERSION = YES;
				CLANG_WARN_COMMA = YES;
				CLANG_WARN_CONSTANT_CONVERSION = YES;
				CLANG_WARN_DEPRECATED_OBJC_IMPLEMENTATIONS = YES;
				CLANG_WARN_DIRECT_OBJC_ISA_USAGE = YES_ERROR;
				CLANG_WARN_DOCUMENTATION_COMMENTS = YES;
				CLANG_WARN_EMPTY_BODY = YES;
				CLANG_WARN_ENUM_CONVERSION = YES;
				CLANG_WARN_INFINITE_RECURSION = YES;
				CLANG_WARN_INT_CONVERSION = YES;
				CLANG_WARN_NON_LITERAL_NULL_CONVERSION = YES;
				CLANG_WARN_OBJC_IMPLICIT_RETAIN_SELF = YES;
				CLANG_WARN_OBJC_LITERAL_CONVERSION = YES;
				CLANG_WARN_OBJC_ROOT_CLASS = YES_ERROR;
				CLANG_WARN_QUOTED_INCLUDE_IN_FRAMEWORK_HEADER = YES;
				CLANG_WARN_RANGE_LOOP_ANALYSIS = YES;
				CLANG_WARN_STRICT_PROTOTYPES = YES;
				CLANG_WARN_SUSPICIOUS_MOVE = YES;
				CLANG_WARN_UNGUARDED_AVAILABILITY = YES_AGGRESSIVE;
				CLANG_WARN_UNREACHABLE_CODE = YES;
				CLANG_WARN__DUPLICATE_METHOD_MATCH = YES;
				COPY_PHASE_STRIP = NO;
				DEBUG_INFORMATION_FORMAT = dwarf;
				DEVELOPMENT_TEAM = Z28M5NXLXY;
				ENABLE_STRICT_OBJC_MSGSEND = YES;
				ENABLE_TESTABILITY = YES;
				ENABLE_USER_SCRIPT_SANDBOXING = YES;
				GCC_C_LANGUAGE_STANDARD = gnu17;
				GCC_DYNAMIC_NO_PIC = NO;
				GCC_NO_COMMON_BLOCKS = YES;
				GCC_OPTIMIZATION_LEVEL = 0;
				GCC_PREPROCESSOR_DEFINITIONS = (
					"DEBUG=1",
					"$(inherited)",
				);
				GCC_WARN_64_TO_32_BIT_CONVERSION = YES;
				GCC_WARN_ABOUT_RETURN_TYPE = YES_ERROR;
				GCC_WARN_UNDECLARED_SELECTOR = YES;
				GCC_WARN_UNINITIALIZED_AUTOS = YES_AGGRESSIVE;
				GCC_WARN_UNUSED_FUNCTION = YES;
				GCC_WARN_UNUSED_VARIABLE = YES;
				LOCALIZATION_PREFERS_STRING_CATALOGS = YES;
				MACOSX_DEPLOYMENT_TARGET = 26.2;
				MTL_ENABLE_DEBUG_INFO = INCLUDE_SOURCE;
				MTL_FAST_MATH = YES;
				ONLY_ACTIVE_ARCH = YES;
				SDKROOT = macosx;
				SWIFT_ACTIVE_COMPILATION_CONDITIONS = "DEBUG $(inherited)";
				SWIFT_OPTIMIZATION_LEVEL = "-Onone";
			};
			name = Debug;
		};
		1AC9DABE306A781400957EB2 /* Release */ = {
			isa = XCBuildConfiguration;
			buildSettings = {
				ALWAYS_SEARCH_USER_PATHS = NO;
				ASSETCATALOG_COMPILER_GENERATE_SWIFT_ASSET_SYMBOL_EXTENSIONS = YES;
				CLANG_ANALYZER_NONNULL = YES;
				CLANG_ANALYZER_NUMBER_OBJECT_CONVERSION = YES_AGGRESSIVE;
				CLANG_CXX_LANGUAGE_STANDARD = "gnu++20";
				CLANG_ENABLE_MODULES = YES;
				CLANG_ENABLE_OBJC_ARC = YES;
				CLANG_ENABLE_OBJC_WEAK = YES;
				CLANG_WARN_BLOCK_CAPTURE_AUTORELEASING = YES;
				CLANG_WARN_BOOL_CONVERSION = YES;
				CLANG_WARN_COMMA = YES;
				CLANG_WARN_CONSTANT_CONVERSION = YES;
				CLANG_WARN_DEPRECATED_OBJC_IMPLEMENTATIONS = YES;
				CLANG_WARN_DIRECT_OBJC_ISA_USAGE = YES_ERROR;
				CLANG_WARN_DOCUMENTATION_COMMENTS = YES;
				CLANG_WARN_EMPTY_BODY = YES;
				CLANG_WARN_ENUM_CONVERSION = YES;
				CLANG_WARN_INFINITE_RECURSION = YES;
				CLANG_WARN_INT_CONVERSION = YES;
				CLANG_WARN_NON_LITERAL_NULL_CONVERSION = YES;
				CLANG_WARN_OBJC_IMPLICIT_RETAIN_SELF = YES;
				CLANG_WARN_OBJC_LITERAL_CONVERSION = YES;
				CLANG_WARN_OBJC_ROOT_CLASS = YES_ERROR;
				CLANG_WARN_QUOTED_INCLUDE_IN_FRAMEWORK_HEADER = YES;
				CLANG_WARN_RANGE_LOOP_ANALYSIS = YES;
				CLANG_WARN_STRICT_PROTOTYPES = YES;
				CLANG_WARN_SUSPICIOUS_MOVE = YES;
				CLANG_WARN_UNGUARDED_AVAILABILITY = YES_AGGRESSIVE;
				CLANG_WARN_UNREACHABLE_CODE = YES;
				CLANG_WARN__DUPLICATE_METHOD_MATCH = YES;
				COPY_PHASE_STRIP = NO;
				DEBUG_INFORMATION_FORMAT = "dwarf-with-dsym";
				DEVELOPMENT_TEAM = Z28M5NXLXY;
				ENABLE_NS_ASSERTIONS = NO;
				ENABLE_STRICT_OBJC_MSGSEND = YES;
				ENABLE_USER_SCRIPT_SANDBOXING = YES;
				GCC_C_LANGUAGE_STANDARD = gnu17;
				GCC_NO_COMMON_BLOCKS = YES;
				GCC_WARN_64_TO_32_BIT_CONVERSION = YES;
				GCC_WARN_ABOUT_RETURN_TYPE = YES_ERROR;
				GCC_WARN_UNDECLARED_SELECTOR = YES;
				GCC_WARN_UNINITIALIZED_AUTOS = YES_AGGRESSIVE;
				GCC_WARN_UNUSED_FUNCTION = YES;
				GCC_WARN_UNUSED_VARIABLE = YES;
				LOCALIZATION_PREFERS_STRING_CATALOGS = YES;
				MACOSX_DEPLOYMENT_TARGET = 26.2;
				MTL_ENABLE_DEBUG_INFO = NO;
				MTL_FAST_MATH = YES;
				SDKROOT = macosx;
				SWIFT_COMPILATION_MODE = wholemodule;
			};
			name = Release;
		};
		1AC9DAC0306A781400957EB2 /* Debug */ = {
			isa = XCBuildConfiguration;
			buildSettings = {
				ASSETCATALOG_COMPILER_APPICON_NAME = AppIcon;
				ASSETCATALOG_COMPILER_GLOBAL_ACCENT_COLOR_NAME = AccentColor;
				CODE_SIGN_STYLE = Automatic;
				COMBINE_HIDPI_IMAGES = YES;
				CURRENT_PROJECT_VERSION = 1;
				DEVELOPMENT_TEAM = Z28M5NXLXY;
				ENABLE_APP_SANDBOX = YES;
				ENABLE_HARDENED_RUNTIME = YES;
				ENABLE_PREVIEWS = YES;
				ENABLE_USER_SELECTED_FILES = readonly;
				GENERATE_INFOPLIST_FILE = YES;
				INFOPLIST_KEY_NSHumanReadableCopyright = "";
				LD_RUNPATH_SEARCH_PATHS = (
					"$(inherited)",
					"@executable_path/../Frameworks",
				);
				MARKETING_VERSION = 1.0;
				PRODUCT_BUNDLE_IDENTIFIER = "TjarkScheele.Adequate-Wallpapers";
				PRODUCT_NAME = "$(TARGET_NAME)";
				REGISTER_APP_GROUPS = YES;
				STRING_CATALOG_GENERATE_SYMBOLS = YES;
				SWIFT_APPROACHABLE_CONCURRENCY = YES;
				SWIFT_DEFAULT_ACTOR_ISOLATION = MainActor;
				SWIFT_EMIT_LOC_STRINGS = YES;
				SWIFT_UPCOMING_FEATURE_MEMBER_IMPORT_VISIBILITY = YES;
				SWIFT_VERSION = 5.0;
			};
			name = Debug;
		};
		1AC9DAC1306A781400957EB2 /* Release */ = {
			isa = XCBuildConfiguration;
			buildSettings = {
				ASSETCATALOG_COMPILER_APPICON_NAME = AppIcon;
				ASSETCATALOG_COMPILER_GLOBAL_ACCENT_COLOR_NAME = AccentColor;
				CODE_SIGN_STYLE = Automatic;
				COMBINE_HIDPI_IMAGES = YES;
				CURRENT_PROJECT_VERSION = 1;
				DEVELOPMENT_TEAM = Z28M5NXLXY;
				ENABLE_APP_SANDBOX = YES;
				ENABLE_HARDENED_RUNTIME = YES;
				ENABLE_PREVIEWS = YES;
				ENABLE_USER_SELECTED_FILES = readonly;
				GENERATE_INFOPLIST_FILE = YES;
				INFOPLIST_KEY_NSHumanReadableCopyright = "";
				LD_RUNPATH_SEARCH_PATHS = (
					"$(inherited)",
					"@executable_path/../Frameworks",
				);
				MARKETING_VERSION = 1.0;
				PRODUCT_BUNDLE_IDENTIFIER = "TjarkScheele.Adequate-Wallpapers";
				PRODUCT_NAME = "$(TARGET_NAME)";
				REGISTER_APP_GROUPS = YES;
				STRING_CATALOG_GENERATE_SYMBOLS = YES;
				SWIFT_APPROACHABLE_CONCURRENCY = YES;
				SWIFT_DEFAULT_ACTOR_ISOLATION = MainActor;
				SWIFT_EMIT_LOC_STRINGS = YES;
				SWIFT_UPCOMING_FEATURE_MEMBER_IMPORT_VISIBILITY = YES;
				SWIFT_VERSION = 5.0;
			};
			name = Release;
		};
		1AC9DAC3306A781400957EB2 /* Debug */ = {
			isa = XCBuildConfiguration;
			buildSettings = {
				BUNDLE_LOADER = "$(TEST_HOST)";
				CODE_SIGN_STYLE = Automatic;
				CURRENT_PROJECT_VERSION = 1;
				DEVELOPMENT_TEAM = Z28M5NXLXY;
				GENERATE_INFOPLIST_FILE = YES;
				MACOSX_DEPLOYMENT_TARGET = 26.2;
				MARKETING_VERSION = 1.0;
				PRODUCT_BUNDLE_IDENTIFIER = "TjarkScheele.Adequate-WallpapersTests";
				PRODUCT_NAME = "$(TARGET_NAME)";
				STRING_CATALOG_GENERATE_SYMBOLS = NO;
				SWIFT_APPROACHABLE_CONCURRENCY = YES;
				SWIFT_EMIT_LOC_STRINGS = NO;
				SWIFT_UPCOMING_FEATURE_MEMBER_IMPORT_VISIBILITY = YES;
				SWIFT_VERSION = 5.0;
				TEST_HOST = "$(BUILT_PRODUCTS_DIR)/Adequate Wallpapers.app/$(BUNDLE_EXECUTABLE_FOLDER_PATH)/Adequate Wallpapers";
			};
			name = Debug;
		};
		1AC9DAC4306A781400957EB2 /* Release */ = {
			isa = XCBuildConfiguration;
			buildSettings = {
				BUNDLE_LOADER = "$(TEST_HOST)";
				CODE_SIGN_STYLE = Automatic;
				CURRENT_PROJECT_VERSION = 1;
				DEVELOPMENT_TEAM = Z28M5NXLXY;
				GENERATE_INFOPLIST_FILE = YES;
				MACOSX_DEPLOYMENT_TARGET = 26.2;
				MARKETING_VERSION = 1.0;
				PRODUCT_BUNDLE_IDENTIFIER = "TjarkScheele.Adequate-WallpapersTests";
				PRODUCT_NAME = "$(TARGET_NAME)";
				STRING_CATALOG_GENERATE_SYMBOLS = NO;
				SWIFT_APPROACHABLE_CONCURRENCY = YES;
				SWIFT_EMIT_LOC_STRINGS = NO;
				SWIFT_UPCOMING_FEATURE_MEMBER_IMPORT_VISIBILITY = YES;
				SWIFT_VERSION = 5.0;
				TEST_HOST = "$(BUILT_PRODUCTS_DIR)/Adequate Wallpapers.app/$(BUNDLE_EXECUTABLE_FOLDER_PATH)/Adequate Wallpapers";
			};
			name = Release;
		};
		1AC9DAC6306A781400957EB2 /* Debug */ = {
			isa = XCBuildConfiguration;
			buildSettings = {
				CODE_SIGN_STYLE = Automatic;
				CURRENT_PROJECT_VERSION = 1;
				DEVELOPMENT_TEAM = Z28M5NXLXY;
				GENERATE_INFOPLIST_FILE = YES;
				MARKETING_VERSION = 1.0;
				PRODUCT_BUNDLE_IDENTIFIER = "TjarkScheele.Adequate-WallpapersUITests";
				PRODUCT_NAME = "$(TARGET_NAME)";
				STRING_CATALOG_GENERATE_SYMBOLS = NO;
				SWIFT_APPROACHABLE_CONCURRENCY = YES;
				SWIFT_EMIT_LOC_STRINGS = NO;
				SWIFT_UPCOMING_FEATURE_MEMBER_IMPORT_VISIBILITY = YES;
				SWIFT_VERSION = 5.0;
				TEST_TARGET_NAME = "Adequate Wallpapers";
			};
			name = Debug;
		};
		1AC9DAC7306A781400957EB2 /* Release */ = {
			isa = XCBuildConfiguration;
			buildSettings = {
				CODE_SIGN_STYLE = Automatic;
				CURRENT_PROJECT_VERSION = 1;
				DEVELOPMENT_TEAM = Z28M5NXLXY;
				GENERATE_INFOPLIST_FILE = YES;
				MARKETING_VERSION = 1.0;
				PRODUCT_BUNDLE_IDENTIFIER = "TjarkScheele.Adequate-WallpapersUITests";
				PRODUCT_NAME = "$(TARGET_NAME)";
				STRING_CATALOG_GENERATE_SYMBOLS = NO;
				SWIFT_APPROACHABLE_CONCURRENCY = YES;
				SWIFT_EMIT_LOC_STRINGS = NO;
				SWIFT_UPCOMING_FEATURE_MEMBER_IMPORT_VISIBILITY = YES;
				SWIFT_VERSION = 5.0;
				TEST_TARGET_NAME = "Adequate Wallpapers";
			};
			name = Release;
		};
/* End XCBuildConfiguration section */

/* Begin XCConfigurationList section */
		1AC9DA99306A781200957EB2 /* Build configuration list for PBXProject "Adequate Wallpapers" */ = {
			isa = XCConfigurationList;
			buildConfigurations = (
				1AC9DABD306A781400957EB2 /* Debug */,
				1AC9DABE306A781400957EB2 /* Release */,
			);
			defaultConfigurationIsVisible = 0;
			defaultConfigurationName = Release;
		};
		1AC9DABF306A781400957EB2 /* Build configuration list for PBXNativeTarget "Adequate Wallpapers" */ = {
			isa = XCConfigurationList;
			buildConfigurations = (
				1AC9DAC0306A781400957EB2 /* Debug */,
				1AC9DAC1306A781400957EB2 /* Release */,
			);
			defaultConfigurationIsVisible = 0;
			defaultConfigurationName = Release;
		};
		1AC9DAC2306A781400957EB2 /* Build configuration list for PBXNativeTarget "Adequate WallpapersTests" */ = {
			isa = XCConfigurationList;
			buildConfigurations = (
				1AC9DAC3306A781400957EB2 /* Debug */,
				1AC9DAC4306A781400957EB2 /* Release */,
			);
			defaultConfigurationIsVisible = 0;
			defaultConfigurationName = Release;
		};
		1AC9DAC5306A781400957EB2 /* Build configuration list for PBXNativeTarget "Adequate WallpapersUITests" */ = {
			isa = XCConfigurationList;
			buildConfigurations = (
				1AC9DAC6306A781400957EB2 /* Debug */,
				1AC9DAC7306A781400957EB2 /* Release */,
			);
			defaultConfigurationIsVisible = 0;
			defaultConfigurationName = Release;
		};
/* End XCConfigurationList section */
	};
	rootObject = 1AC9DA96306A781200957EB2 /* Project object */;
}
